// !$*UTF8*$!
{
	archiveVersion = 1;
	classes = {
	};
	objectVersion = 56;
	objects = {

/* Begin PBXBuildFile section */
		2619FC6D2A11DC5F0021ADC6 /* DropPhoneApp.swift in Sources */ = {isa = PBXBuildFile; fileRef = 2619FC6C2A11DC5F0021ADC6 /* DropPhoneApp.swift */; };
		2619FC6F2A11DC5F0021ADC6 /* ContentView.swift in Sources */ = {isa = PBXBuildFile; fileRef = 2619FC6E2A11DC5F0021ADC6 /* ContentView.swift */; };
		2619FC712A11DC600021ADC6 /* Assets.xcassets in Resources */ = {isa = PBXBuildFile; fileRef = 2619FC702A11DC600021ADC6 /* Assets.xcassets */; };
		2619FC752A11DC600021ADC6 /* Preview Assets.xcassets in Resources */ = {isa = PBXBuildFile; fileRef = 2619FC742A11DC600021ADC6 /* Preview Assets.xcassets */; };
		2619FC7F2A11DC600021ADC6 /* DropPhoneTests.swift in Sources */ = {isa = PBXBuildFile; fileRef = 2619FC7E2A11DC600021ADC6 /* DropPhoneTests.swift */; };
		2619FC892A11DC600021ADC6 /* DropPhoneUITests.swift in Sources */ = {isa = PBXBuildFile; fileRef = 2619FC882A11DC600021ADC6 /* DropPhoneUITests.swift */; };
		2619FC8B2A11DC600021ADC6 /* DropPhoneUITestsLaunchTests.swift in Sources */ = {isa = PBXBuildFile; fileRef = 2619FC8A2A11DC600021ADC6 /* DropPhoneUITestsLaunchTests.swift */; };
/* End PBXBuildFile section */

/* Begin PBXContainerItemProxy section */
		2619FC7B2A11DC600021ADC6 /* PBXContainerItemProxy */ = {
			isa = PBXContainerItemProxy;
			containerPortal = 2619FC612A11DC5F0021ADC6 /* Project object */;
			proxyType = 1;
			remoteGlobalIDString = 2619FC682A11DC5F0021ADC6;
			remoteInfo = DropPhone;
		};
		2619FC852A11DC600021ADC6 /* PBXContainerItemProxy */ = {
			isa = PBXContainerItemProxy;
			containerPortal = 2619FC612A11DC5F0021ADC6 /* Project object */;
			proxyType = 1;
			remoteGlobalIDString = 2619FC682A11DC5F0021ADC6;
			remoteInfo = DropPhone;
		};
/* End PBXContainerItemProxy section */

/* Begin PBXFileReference section */
		2619FC692A11DC5F0021ADC6 /* DropPhone.app */ = {isa = PBXFileReference; explicitFileType = wrapper.application; includeInIndex = 0; path = DropPhone.app; sourceTree = BUILT_PRODUCTS_DIR; };
		2619FC6C2A11DC5F0021ADC6 /* DropPhoneApp.swift */ = {isa = PBXFileReference; lastKnownFileType = sourcecode.swift; path = DropPhoneApp.swift; sourceTree = "<group>"; };
		2619FC6E2A11DC5F0021ADC6 /* ContentView.swift */ = {isa = PBXFileReference; lastKnownFileType = sourcecode.swift; path = ContentView.swift; sourceTree = "<group>"; };
		2619FC702A11DC600021ADC6 /* Assets.xcassets */ = {isa = PBXFileReference; lastKnownFileType = folder.assetcatalog; path = Assets.xcassets; sourceTree = "<group>"; };
		2619FC722A11DC600021ADC6 /* DropPhone.entitlements */ = {isa = PBXFileReference; lastKnownFileType = text.plist.entitlements; path = DropPhone.entitlements; sourceTree = "<group>"; };
		2619FC742A11DC600021ADC6 /* Preview Assets.xcassets */ = {isa = PBXFileReference; lastKnownFileType = folder.assetcatalog; path = "Preview Assets.xcassets"; sourceTree = "<group>"; };
		2619FC7A2A11DC600021ADC6 /* DropPhoneTests.xctest */ = {isa = PBXFileReference; explicitFileType = wrapper.cfbundle; includeInIndex = 0; path = DropPhoneTests.xctest; sourceTree = BUILT_PRODUCTS_DIR; };
		2619FC7E2A11DC600021ADC6 /* DropPhoneTests.swift */ = {isa = PBXFileReference; lastKnownFileType = sourcecode.swift; path = DropPhoneTests.swift; sourceTree = "<group>"; };
		2619FC842A11DC600021ADC6 /* DropPhoneUITests.xctest */ = {isa = PBXFileReference; explicitFileType = wrapper.cfbundle; includeInIndex = 0; path = DropPhoneUITests.xctest; sourceTree = BUILT_PRODUCTS_DIR; };
		2619FC882A11DC600021ADC6 /* DropPhoneUITests.swift */ = {isa = PBXFileReference; lastKnownFileType = sourcecode.swift; path = DropPhoneUITests.swift; sourceTree = "<group>"; };
		2619FC8A2A11DC600021ADC6 /* DropPhoneUITestsLaunchTests.swift */ = {isa = PBXFileReference; lastKnownFileType = sourcecode.swift; path = DropPhoneUITestsLaunchTests.swift; sourceTree = "<group>"; };
/* End PBXFileReference section */

/* Begin PBXFrameworksBuildPhase section */
		2619FC662A11DC5F0021ADC6 /* Frameworks */ = {
			isa = PBXFrameworksBuildPhase;
			buildActionMask = 2147483647;
			files = (
			);
			runOnlyForDeploymentPostprocessing = 0;
		};
		2619FC772A11DC600021ADC6 /* Frameworks */ = {
			isa = PBXFrameworksBuildPhase;
			buildActionMask = 2147483647;
			files = (
			);
			runOnlyForDeploymentPostprocessing = 0;
		};
		2619FC812A11DC600021ADC6 /* Frameworks */ = {
			isa = PBXFrameworksBuildPhase;
			buildActionMask = 2147483647;
			files = (
			);
			runOnlyForDeploymentPostprocessing = 0;
		};
/* End PBXFrameworksBuildPhase section */

/* Begin PBXGroup section */
		2619FC602A11DC5F0021ADC6 = {
			isa = PBXGroup;
			children = (
				2619FC6B2A11DC5F0021ADC6 /* DropPhone */,
				2619FC7D2A11DC600021ADC6 /* DropPhoneTests */,
				2619FC872A11DC600021ADC6 /* DropPhoneUITests */,
				2619FC6A2A11DC5F0021ADC6 /* Products */,
			);
			sourceTree = "<group>";
		};
		2619FC6A2A11DC5F0021ADC6 /* Products */ = {
			isa = PBXGroup;
			children = (
				2619FC692A11DC5F0021ADC6 /* DropPhone.app */,
				2619FC7A2A11DC600021ADC6 /* DropPhoneTests.xctest */,
				2619FC842A11DC600021ADC6 /* DropPhoneUITests.xctest */,
			);
			name = Products;
			sourceTree = "<group>";
		};
		2619FC6B2A11DC5F0021ADC6 /* DropPhone */ = {
			isa = PBXGroup;
			children = (
				2619FC6C2A11DC5F0021ADC6 /* DropPhoneApp.swift */,
				2619FC6E2A11DC5F0021ADC6 /* ContentView.swift */,
				2619FC702A11DC600021ADC6 /* Assets.xcassets */,
				2619FC722A11DC600021ADC6 /* DropPhone.entitlements */,
				2619FC732A11DC600021ADC6 /* Preview Content */,
			);
			path = DropPhone;
			sourceTree = "<group>";
		};
		2619FC732A11DC600021ADC6 /* Preview Content */ = {
			isa = PBXGroup;
			children = (
				2619FC742A11DC600021ADC6 /* Preview Assets.xcassets */,
			);
			path = "Preview Content";
			sourceTree = "<group>";
		};
		2619FC7D2A11DC600021ADC6 /* DropPhoneTests */ = {
			isa = PBXGroup;
			children = (
				2619FC7E2A11DC600021ADC6 /* DropPhoneTests.swift */,
			);
			path = DropPhoneTests;
			sourceTree = "<group>";
		};
		2619FC872A11DC600021ADC6 /* DropPhoneUITests */ = {
			isa = PBXGroup;
			children = (
				2619FC882A11DC600021ADC6 /* DropPhoneUITests.swift */,
				2619FC8A2A11DC600021ADC6 /* DropPhoneUITestsLaunchTests.swift */,
			);
			path = DropPhoneUITests;
			sourceTree = "<group>";
		};
/* End PBXGroup section */

/* Begin PBXNativeTarget section */
		2619FC682A11DC5F0021ADC6 /* DropPhone */ = {
			isa = PBXNativeTarget;
			buildConfigurationList = 2619FC8E2A11DC600021ADC6 /* Build configuration list for PBXNativeTarget "DropPhone" */;
			buildPhases = (
				2619FC652A11DC5F0021ADC6 /* Sources */,
				2619FC662A11DC5F0021ADC6 /* Frameworks */,
				2619FC672A11DC5F0021ADC6 /* Resources */,
			);
			buildRules = (
			);
			dependencies = (
			);
			name = DropPhone;
			productName = DropPhone;
			productReference = 2619FC692A11DC5F0021ADC6 /* DropPhone.app */;
			productType = "com.apple.product-type.application";
		};
		2619FC792A11DC600021ADC6 /* DropPhoneTests */ = {
			isa = PBXNativeTarget;
			buildConfigurationList = 2619FC912A11DC600021ADC6 /* Build configuration list for PBXNativeTarget "DropPhoneTests" */;
			buildPhases = (
				2619FC762A11DC600021ADC6 /* Sources */,
				2619FC772A11DC600021ADC6 /* Frameworks */,
				2619FC782A11DC600021ADC6 /* Resources */,
			);
			buildRules = (
			);
			dependencies = (
				2619FC7C2A11DC600021ADC6 /* PBXTargetDependency */,
			);
			name = DropPhoneTests;
			productName = DropPhoneTests;
			productReference = 2619FC7A2A11DC600021ADC6 /* DropPhoneTests.xctest */;
			productType = "com.apple.product-type.bundle.unit-test";
		};
		2619FC832A11DC600021ADC6 /* DropPhoneUITests */ = {
			isa = PBXNativeTarget;
			buildConfigurationList = 2619FC942A11DC600021ADC6 /* Build configuration list for PBXNativeTarget "DropPhoneUITests" */;
			buildPhases = (
				2619FC802A11DC600021ADC6 /* Sources */,
				2619FC812A11DC600021ADC6 /* Frameworks */,
				2619FC822A11DC600021ADC6 /* Resources */,
			);
			buildRules = (
			);
			dependencies = (
				2619FC862A11DC600021ADC6 /* PBXTargetDependency */,
			);
			name = DropPhoneUITests;
			productName = DropPhoneUITests;
			productReference = 2619FC842A11DC600021ADC6 /* DropPhoneUITests.xctest */;
			productType = "com.apple.product-type.bundle.ui-testing";
		};
/* End PBXNativeTarget section */

/* Begin PBXProject section */
		2619FC612A11DC5F0021ADC6 /* Project object */ = {
			isa = PBXProject;
			attributes = {
				BuildIndependentTargetsInParallel = 1;
				LastSwiftUpdateCheck = 1410;
				LastUpgradeCheck = 1410;
				TargetAttributes = {
					2619FC682A11DC5F0021ADC6 = {
						CreatedOnToolsVersion = 14.1;
					};
					2619FC792A11DC600021ADC6 = {
						CreatedOnToolsVersion = 14.1;
						TestTargetID = 2619FC682A11DC5F0021ADC6;
					};
					2619FC832A11DC600021ADC6 = {
						CreatedOnToolsVersion = 14.1;
						TestTargetID = 2619FC682A11DC5F0021ADC6;
					};
				};
			};
			buildConfigurationList = 2619FC642A11DC5F0021ADC6 /* Build configuration list for PBXProject "DropPhone" */;
			compatibilityVersion = "Xcode 14.0";
			developmentRegion = en;
			hasScannedForEncodings = 0;
			knownRegions = (
				en,
				Base,
			);
			mainGroup = 2619FC602A11DC5F0021ADC6;
			productRefGroup = 2619FC6A2A11DC5F0021ADC6 /* Products */;
			projectDirPath = "";
			projectRoot = "";
			targets = (
				2619FC682A11DC5F0021ADC6 /* DropPhone */,
				2619FC792A11DC600021ADC6 /* DropPhoneTests */,
				2619FC832A11DC600021ADC6 /* DropPhoneUITests */,
			);
		};
/* End PBXProject section */

/* Begin PBXResourcesBuildPhase section */
		2619FC672A11DC5F0021ADC6 /* Resources */ = {
			isa = PBXResourcesBuildPhase;
			buildActionMask = 2147483647;
			files = (
				2619FC752A11DC600021ADC6 /* Preview Assets.xcassets in Resources */,
				2619FC712A11DC600021ADC6 /* Assets.xcassets in Resources */,
			);
			runOnlyForDeploymentPostprocessing = 0;
		};
		2619FC782A11DC600021ADC6 /* Resources */ = {
			isa = PBXResourcesBuildPhase;
			buildActionMask = 2147483647;
			files = (
			);
			runOnlyForDeploymentPostprocessing = 0;
		};
		2619FC822A11DC600021ADC6 /* Resources */ = {
			isa = PBXResourcesBuildPhase;
			buildActionMask = 2147483647;
			files = (
			);
			runOnlyForDeploymentPostprocessing = 0;
		};
/* End PBXResourcesBuildPhase section */

/* Begin PBXSourcesBuildPhase section */
		2619FC652A11DC5F0021ADC6 /* Sources */ = {
			isa = PBXSourcesBuildPhase;
			buildActionMask = 2147483647;
			files = (
				2619FC6F2A11DC5F0021ADC6 /* ContentView.swift in Sources */,
				2619FC6D2A11DC5F0021ADC6 /* DropPhoneApp.swift in Sources */,
			);
			runOnlyForDeploymentPostprocessing = 0;
		};
		2619FC762A11DC600021ADC6 /* Sources */ = {
			isa = PBXSourcesBuildPhase;
			buildActionMask = 2147483647;
			files = (
				2619FC7F2A11DC600021ADC6 /* DropPhoneTests.swift in Sources */,
			);
			runOnlyForDeploymentPostprocessing = 0;
		};
		2619FC802A11DC600021ADC6 /* Sources */ = {
			isa = PBXSourcesBuildPhase;
			buildActionMask = 2147483647;
			files = (
				2619FC8B2A11DC600021ADC6 /* DropPhoneUITestsLaunchTests.swift in Sources */,
				2619FC892A11DC600021ADC6 /* DropPhoneUITests.swift in Sources */,
			);
			runOnlyForDeploymentPostprocessing = 0;
		};
/* End PBXSourcesBuildPhase section */

/* Begin PBXTargetDependency section */
		2619FC7C2A11DC600021ADC6 /* PBXTargetDependency */ = {
			isa = PBXTargetDependency;
			target = 2619FC682A11DC5F0021ADC6 /* DropPhone */;
			targetProxy = 2619FC7B2A11DC600021ADC6 /* PBXContainerItemProxy */;
		};
		2619FC862A11DC600021ADC6 /* PBXTargetDependency */ = {
			isa = PBXTargetDependency;
			target = 2619FC682A11DC5F0021ADC6 /* DropPhone */;
			targetProxy = 2619FC852A11DC600021ADC6 /* PBXContainerItemProxy */;
		};
/* End PBXTargetDependency section */

/* Begin XCBuildConfiguration section */
		2619FC8C2A11DC600021ADC6 /* Debug */ = {
			isa = XCBuildConfiguration;
			buildSettings = {
				ALWAYS_SEARCH_USER_PATHS = NO;
				CLANG_ANALYZER_NONNULL = YES;
				CLANG_ANALYZER_NUMBER_OBJECT_CONVERSION = YES_AGGRESSIVE;
				CLANG_CXX_LANGUAGE_STANDARD = "gnu++20";
				CLANG_ENABLE_MODULES = YES;
				CLANG_ENABLE_OBJC_ARC = YES;
				CLANG_ENABLE_OBJC_WEAK = YES;
				CLANG_WARN_BLOCK_CAPTURE_AUTORELEASING = YES;
				CLANG_WARN_BOOL_CONVERSION = YES;
				CLANG_WARN_COMMA = YES;
				CLANG_WARN_CONSTANT_CONVERSION = YES;
				CLANG_WARN_DEPRECATED_OBJC_IMPLEMENTATIONS = YES;
				CLANG_WARN_DIRECT_OBJC_ISA_USAGE = YES_ERROR;
				CLANG_WARN_DOCUMENTATION_COMMENTS = YES;
				CLANG_WARN_EMPTY_BODY = YES;
				CLANG_WARN_ENUM_CONVERSION = YES;
				CLANG_WARN_INFINITE_RECURSION = YES;
				CLANG_WARN_INT_CONVERSION = YES;
				CLANG_WARN_NON_LITERAL_NULL_CONVERSION = YES;
				CLANG_WARN_OBJC_IMPLICIT_RETAIN_SELF = YES;
				CLANG_WARN_OBJC_LITERAL_CONVERSION = YES;
				CLANG_WARN_OBJC_ROOT_CLASS = YES_ERROR;
				CLANG_WARN_QUOTED_INCLUDE_IN_FRAMEWORK_HEADER = YES;
				CLANG_WARN_RANGE_LOOP_ANALYSIS = YES;
				CLANG_WARN_STRICT_PROTOTYPES = YES;
				CLANG_WARN_SUSPICIOUS_MOVE = YES;
				CLANG_WARN_UNGUARDED_AVAILABILITY = YES_AGGRESSIVE;
				CLANG_WARN_UNREACHABLE_CODE = YES;
				CLANG_WARN__DUPLICATE_METHOD_MATCH = YES;
				COPY_PHASE_STRIP = NO;
				DEBUG_INFORMATION_FORMAT = dwarf;
				ENABLE_STRICT_OBJC_MSGSEND = YES;
				ENABLE_TESTABILITY = YES;
				GCC_C_LANGUAGE_STANDARD = gnu11;
				GCC_DYNAMIC_NO_PIC = NO;
				GCC_NO_COMMON_BLOCKS = YES;
				GCC_OPTIMIZATION_LEVEL = 0;
				GCC_PREPROCESSOR_DEFINITIONS = (
					"DEBUG=1",
					"$(inherited)",
				);
				GCC_WARN_64_TO_32_BIT_CONVERSION = YES;
				GCC_WARN_ABOUT_RETURN_TYPE = YES_ERROR;
				GCC_WARN_UNDECLARED_SELECTOR = YES;
				GCC_WARN_UNINITIALIZED_AUTOS = YES_AGGRESSIVE;
				GCC_WARN_UNUSED_FUNCTION = YES;
				GCC_WARN_UNUSED_VARIABLE = YES;
				MTL_ENABLE_DEBUG_INFO = INCLUDE_SOURCE;
				MTL_FAST_MATH = YES;
				ONLY_ACTIVE_ARCH = YES;
				SWIFT_ACTIVE_COMPILATION_CONDITIONS = DEBUG;
				SWIFT_OPTIMIZATION_LEVEL = "-Onone";
			};
			name = Debug;
		};
		2619FC8D2A11DC600021ADC6 /* Release */ = {
			isa = XCBuildConfiguration;
			buildSettings = {
				ALWAYS_SEARCH_USER_PATHS = NO;
				CLANG_ANALYZER_NONNULL = YES;
				CLANG_ANALYZER_NUMBER_OBJECT_CONVERSION = YES_AGGRESSIVE;
				CLANG_CXX_LANGUAGE_STANDARD = "gnu++20";
				CLANG_ENABLE_MODULES = YES;
				CLANG_ENABLE_OBJC_ARC = YES;
				CLANG_ENABLE_OBJC_WEAK = YES;
				CLANG_WARN_BLOCK_CAPTURE_AUTORELEASING = YES;
				CLANG_WARN_BOOL_CONVERSION = YES;
				CLANG_WARN_COMMA = YES;
				CLANG_WARN_CONSTANT_CONVERSION = YES;
				CLANG_WARN_DEPRECATED_OBJC_IMPLEMENTATIONS = YES;
				CLANG_WARN_DIRECT_OBJC_ISA_USAGE = YES_ERROR;
				CLANG_WARN_DOCUMENTATION_COMMENTS = YES;
				CLANG_WARN_EMPTY_BODY = YES;
				CLANG_WARN_ENUM_CONVERSION = YES;
				CLANG_WARN_INFINITE_RECURSION = YES;
				CLANG_WARN_INT_CONVERSION = YES;
				CLANG_WARN_NON_LITERAL_NULL_CONVERSION = YES;
				CLANG_WARN_OBJC_IMPLICIT_RETAIN_SELF = YES;
				CLANG_WARN_OBJC_LITERAL_CONVERSION = YES;
				CLANG_WARN_OBJC_ROOT_CLASS = YES_ERROR;
				CLANG_WARN_QUOTED_INCLUDE_IN_FRAMEWORK_HEADER = YES;
				CLANG_WARN_RANGE_LOOP_ANALYSIS = YES;
				CLANG_WARN_STRICT_PROTOTYPES = YES;
				CLANG_WARN_SUSPICIOUS_MOVE = YES;
				CLANG_WARN_UNGUARDED_AVAILABILITY = YES_AGGRESSIVE;
				CLANG_WARN_UNREACHABLE_CODE = YES;
				CLANG_WARN__DUPLICATE_METHOD_MATCH = YES;
				COPY_PHASE_STRIP = NO;
				DEBUG_INFORMATION_FORMAT = "dwarf-with-dsym";
				ENABLE_NS_ASSERTIONS = NO;
				ENABLE_STRICT_OBJC_MSGSEND = YES;
				GCC_C_LANGUAGE_STANDARD = gnu11;
				GCC_NO_COMMON_BLOCKS = YES;
				GCC_WARN_64_TO_32_BIT_CONVERSION = YES;
				GCC_WARN_ABOUT_RETURN_TYPE = YES_ERROR;
				GCC_WARN_UNDECLARED_SELECTOR = YES;
				GCC_WARN_UNINITIALIZED_AUTOS = YES_AGGRESSIVE;
				GCC_WARN_UNUSED_FUNCTION = YES;
				GCC_WARN_UNUSED_VARIABLE = YES;
				MTL_ENABLE_DEBUG_INFO = NO;
				MTL_FAST_MATH = YES;
				SWIFT_COMPILATION_MODE = wholemodule;
				SWIFT_OPTIMIZATION_LEVEL = "-O";
			};
			name = Release;
		};
		2619FC8F2A11DC600021ADC6 /* Debug */ = {
			isa = XCBuildConfiguration;
			buildSettings = {
				ASSETCATALOG_COMPILER_APPICON_NAME = AppIcon;
				ASSETCATALOG_COMPILER_GLOBAL_ACCENT_COLOR_NAME = AccentColor;
				CODE_SIGN_ENTITLEMENTS = DropPhone/DropPhone.entitlements;
				CODE_SIGN_STYLE = Automatic;
				CURRENT_PROJECT_VERSION = 1;
				DEVELOPMENT_ASSET_PATHS = "\"DropPhone/Preview Content\"";
				DEVELOPMENT_TEAM = 557H2MLN2D;
				ENABLE_HARDENED_RUNTIME = YES;
				ENABLE_PREVIEWS = YES;
				GENERATE_INFOPLIST_FILE = YES;
				"INFOPLIST_KEY_UIApplicationSceneManifest_Generation[sdk=iphoneos*]" = YES;
				"INFOPLIST_KEY_UIApplicationSceneManifest_Generation[sdk=iphonesimulator*]" = YES;
				"INFOPLIST_KEY_UIApplicationSupportsIndirectInputEvents[sdk=iphoneos*]" = YES;
				"INFOPLIST_KEY_UIApplicationSupportsIndirectInputEvents[sdk=iphonesimulator*]" = YES;
				"INFOPLIST_KEY_UILaunchScreen_Generation[sdk=iphoneos*]" = YES;
				"INFOPLIST_KEY_UILaunchScreen_Generation[sdk=iphonesimulator*]" = YES;
				"INFOPLIST_KEY_UIStatusBarStyle[sdk=iphoneos*]" = UIStatusBarStyleDefault;
				"INFOPLIST_KEY_UIStatusBarStyle[sdk=iphonesimulator*]" = UIStatusBarStyleDefault;
				INFOPLIST_KEY_UISupportedInterfaceOrientations_iPad = "UIInterfaceOrientationPortrait UIInterfaceOrientationPortraitUpsideDown UIInterfaceOrientationLandscapeLeft UIInterfaceOrientationLandscapeRight";
				INFOPLIST_KEY_UISupportedInterfaceOrientations_iPhone = "UIInterfaceOrientationPortrait UIInterfaceOrientationLandscapeLeft UIInterfaceOrientationLandscapeRight";
				IPHONEOS_DEPLOYMENT_TARGET = 16.1;
				LD_RUNPATH_SEARCH_PATHS = "@executable_path/Frameworks";
				"LD_RUNPATH_SEARCH_PATHS[sdk=macosx*]" = "@executable_path/../Frameworks";
				MACOSX_DEPLOYMENT_TARGET = 13.0;
				MARKETING_VERSION = 1.0;
				PRODUCT_BUNDLE_IDENTIFIER = archetapp.DropPhone;
				PRODUCT_NAME = "$(TARGET_NAME)";
				SDKROOT = auto;
				SUPPORTED_PLATFORMS = "iphoneos iphonesimulator";
				SUPPORTS_MACCATALYST = NO;
				SUPPORTS_MAC_DESIGNED_FOR_IPHONE_IPAD = NO;
				SWIFT_EMIT_LOC_STRINGS = YES;
				SWIFT_VERSION = 5.0;
				TARGETED_DEVICE_FAMILY = 1;
			};
			name = Debug;
		};
		2619FC902A11DC600021ADC6 /* Release */ = {
			isa = XCBuildConfiguration;
			buildSettings = {
				ASSETCATALOG_COMPILER_APPICON_NAME = AppIcon;
				ASSETCATALOG_COMPILER_GLOBAL_ACCENT_COLOR_NAME = AccentColor;
				CODE_SIGN_ENTITLEMENTS = DropPhone/DropPhone.entitlements;
				CODE_SIGN_STYLE = Automatic;
				CURRENT_PROJECT_VERSION = 1;
				DEVELOPMENT_ASSET_PATHS = "\"DropPhone/Preview Content\"";
				DEVELOPMENT_TEAM = 557H2MLN2D;
				ENABLE_HARDENED_RUNTIME = YES;
				ENABLE_PREVIEWS = YES;
				GENERATE_INFOPLIST_FILE = YES;
				"INFOPLIST_KEY_UIApplicationSceneManifest_Generation[sdk=iphoneos*]" = YES;
				"INFOPLIST_KEY_UIApplicationSceneManifest_Generation[sdk=iphonesimulator*]" = YES;
				"INFOPLIST_KEY_UIApplicationSupportsIndirectInputEvents[sdk=iphoneos*]" = YES;
				"INFOPLIST_KEY_UIApplicationSupportsIndirectInputEvents[sdk=iphonesimulator*]" = YES;
				"INFOPLIST_KEY_UILaunchScreen_Generation[sdk=iphoneos*]" = YES;
				"INFOPLIST_KEY_UILaunchScreen_Generation[sdk=iphonesimulator*]" = YES;
				"INFOPLIST_KEY_UIStatusBarStyle[sdk=iphoneos*]" = UIStatusBarStyleDefault;
				"INFOPLIST_KEY_UIStatusBarStyle[sdk=iphonesimulator*]" = UIStatusBarStyleDefault;
				INFOPLIST_KEY_UISupportedInterfaceOrientations_iPad = "UIInterfaceOrientationPortrait UIInterfaceOrientationPortraitUpsideDown UIInterfaceOrientationLandscapeLeft UIInterfaceOrientationLandscapeRight";
				INFOPLIST_KEY_UISupportedInterfaceOrientations_iPhone = "UIInterfaceOrientationPortrait UIInterfaceOrientationLandscapeLeft UIInterfaceOrientationLandscapeRight";
				IPHONEOS_DEPLOYMENT_TARGET = 16.1;
				LD_RUNPATH_SEARCH_PATHS = "@executable_path/Frameworks";
				"LD_RUNPATH_SEARCH_PATHS[sdk=macosx*]" = "@executable_path/../Frameworks";
				MACOSX_DEPLOYMENT_TARGET = 13.0;
				MARKETING_VERSION = 1.0;
				PRODUCT_BUNDLE_IDENTIFIER = archetapp.DropPhone;
				PRODUCT_NAME = "$(TARGET_NAME)";
				SDKROOT = auto;
				SUPPORTED_PLATFORMS = "iphoneos iphonesimulator";
				SUPPORTS_MACCATALYST = NO;
				SUPPORTS_MAC_DESIGNED_FOR_IPHONE_IPAD = NO;
				SWIFT_EMIT_LOC_STRINGS = YES;
				SWIFT_VERSION = 5.0;
				TARGETED_DEVICE_FAMILY = 1;
			};
			name = Release;
		};
		2619FC922A11DC600021ADC6 /* Debug */ = {
			isa = XCBuildConfiguration;
			buildSettings = {
				ALWAYS_EMBED_SWIFT_STANDARD_LIBRARIES = YES;
				BUNDLE_LOADER = "$(TEST_HOST)";
				CODE_SIGN_STYLE = Automatic;
				CURRENT_PROJECT_VERSION = 1;
				DEVELOPMENT_TEAM = 557H2MLN2D;
				GENERATE_INFOPLIST_FILE = YES;
				IPHONEOS_DEPLOYMENT_TARGET = 16.1;
				MACOSX_DEPLOYMENT_TARGET = 13.0;
				MARKETING_VERSION = 1.0;
				PRODUCT_BUNDLE_IDENTIFIER = archetapp.DropPhoneTests;
				PRODUCT_NAME = "$(TARGET_NAME)";
				SDKROOT = auto;
				SUPPORTED_PLATFORMS = "iphoneos iphonesimulator macosx";
				SWIFT_EMIT_LOC_STRINGS = NO;
				SWIFT_VERSION = 5.0;
				TARGETED_DEVICE_FAMILY = "1,2";
				TEST_HOST = "$(BUILT_PRODUCTS_DIR)/DropPhone.app/$(BUNDLE_EXECUTABLE_FOLDER_PATH)/DropPhone";
			};
			name = Debug;
		};
		2619FC932A11DC600021ADC6 /* Release */ = {
			isa = XCBuildConfiguration;
			buildSettings = {
				ALWAYS_EMBED_SWIFT_STANDARD_LIBRARIES = YES;
				BUNDLE_LOADER = "$(TEST_HOST)";
				CODE_SIGN_STYLE = Automatic;
				CURRENT_PROJECT_VERSION = 1;
				DEVELOPMENT_TEAM = 557H2MLN2D;
				GENERATE_INFOPLIST_FILE = YES;
				IPHONEOS_DEPLOYMENT_TARGET = 16.1;
				MACOSX_DEPLOYMENT_TARGET = 13.0;
				MARKETING_VERSION = 1.0;
				PRODUCT_BUNDLE_IDENTIFIER = archetapp.DropPhoneTests;
				PRODUCT_NAME = "$(TARGET_NAME)";
				SDKROOT = auto;
				SUPPORTED_PLATFORMS = "iphoneos iphonesimulator macosx";
				SWIFT_EMIT_LOC_STRINGS = NO;
				SWIFT_VERSION = 5.0;
				TARGETED_DEVICE_FAMILY = "1,2";
				TEST_HOST = "$(BUILT_PRODUCTS_DIR)/DropPhone.app/$(BUNDLE_EXECUTABLE_FOLDER_PATH)/DropPhone";
			};
			name = Release;
		};
		2619FC952A11DC600021ADC6 /* Debug */ = {
			isa = XCBuildConfiguration;
			buildSettings = {
				ALWAYS_EMBED_SWIFT_STANDARD_LIBRARIES = YES;
				CODE_SIGN_STYLE = Automatic;
				CURRENT_PROJECT_VERSION = 1;
				DEVELOPMENT_TEAM = 557H2MLN2D;
				GENERATE_INFOPLIST_FILE = YES;
				IPHONEOS_DEPLOYMENT_TARGET = 16.1;
				MACOSX_DEPLOYMENT_TARGET = 13.0;
				MARKETING_VERSION = 1.0;
				PRODUCT_BUNDLE_IDENTIFIER = archetapp.DropPhoneUITests;
				PRODUCT_NAME = "$(TARGET_NAME)";
				SDKROOT = auto;
				SUPPORTED_PLATFORMS = "iphoneos iphonesimulator macosx";
				SWIFT_EMIT_LOC_STRINGS = NO;
				SWIFT_VERSION = 5.0;
				TARGETED_DEVICE_FAMILY = "1,2";
				TEST_TARGET_NAME = DropPhone;
			};
			name = Debug;
		};
		2619FC962A11DC600021ADC6 /* Release */ = {
			isa = XCBuildConfiguration;
			buildSettings = {
				ALWAYS_EMBED_SWIFT_STANDARD_LIBRARIES = YES;
				CODE_SIGN_STYLE = Automatic;
				CURRENT_PROJECT_VERSION = 1;
				DEVELOPMENT_TEAM = 557H2MLN2D;
				GENERATE_INFOPLIST_FILE = YES;
				IPHONEOS_DEPLOYMENT_TARGET = 16.1;
				MACOSX_DEPLOYMENT_TARGET = 13.0;
				MARKETING_VERSION = 1.0;
				PRODUCT_BUNDLE_IDENTIFIER = archetapp.DropPhoneUITests;
				PRODUCT_NAME = "$(TARGET_NAME)";
				SDKROOT = auto;
				SUPPORTED_PLATFORMS = "iphoneos iphonesimulator macosx";
				SWIFT_EMIT_LOC_STRINGS = NO;
				SWIFT_VERSION = 5.0;
				TARGETED_DEVICE_FAMILY = "1,2";
				TEST_TARGET_NAME = DropPhone;
			};
			name = Release;
		};
/* End XCBuildConfiguration section */

/* Begin XCConfigurationList section */
		2619FC642A11DC5F0021ADC6 /* Build configuration list for PBXProject "DropPhone" */ = {
			isa = XCConfigurationList;
			buildConfigurations = (
				2619FC8C2A11DC600021ADC6 /* Debug */,
				2619FC8D2A11DC600021ADC6 /* Release */,
			);
			defaultConfigurationIsVisible = 0;
			defaultConfigurationName = Release;
		};
		2619FC8E2A11DC600021ADC6 /* Build configuration list for PBXNativeTarget "DropPhone" */ = {
			isa = XCConfigurationList;
			buildConfigurations = (
				2619FC8F2A11DC600021ADC6 /* Debug */,
				2619FC902A11DC600021ADC6 /* Release */,
			);
			defaultConfigurationIsVisible = 0;
			defaultConfigurationName = Release;
		};
		2619FC912A11DC600021ADC6 /* Build configuration list for PBXNativeTarget "DropPhoneTests" */ = {
			isa = XCConfigurationList;
			buildConfigurations = (
				2619FC922A11DC600021ADC6 /* Debug */,
				2619FC932A11DC600021ADC6 /* Release */,
			);
			defaultConfigurationIsVisible = 0;
			defaultConfigurationName = Release;
		};
		2619FC942A11DC600021ADC6 /* Build configuration list for PBXNativeTarget "DropPhoneUITests" */ = {
			isa = XCConfigurationList;
			buildConfigurations = (
				2619FC952A11DC600021ADC6 /* Debug */,
				2619FC962A11DC600021ADC6 /* Release */,
			);
			defaultConfigurationIsVisible = 0;
			defaultConfigurationName = Release;
		};
/* End XCConfigurationList section */
	};
	rootObject = 2619FC612A11DC5F0021ADC6 /* Project object */;
}
